
Microsoft Visual Studio Solution File, Format Version 12.00
# Visual Studio Version 16
VisualStudioVersion = 16.0.28803.352
MinimumVisualStudioVersion = 10.0.40219.1
Project("{FAE04EC0-301F-11D3-BF4B-00C04F79EFBC}") = "Konstruktorius", "Konstruktorius\Konstruktorius.csproj", "{597C84D2-DD0C-4568-994A-D592635E5172}"
EndProject
Global
	GlobalSection(SolutionConfigurationPlatforms) = preSolution
		Debug|Any CPU = Debug|Any CPU
		Release|Any CPU = Release|Any CPU
	EndGlobalSection
	GlobalSection(ProjectConfigurationPlatforms) = postSolution
		{597C84D2-DD0C-4568-994A-D592635E5172}.Debug|Any CPU.ActiveCfg = Debug|Any CPU
		{597C84D2-DD0C-4568-994A-D592635E5172}.Debug|Any CPU.Build.0 = Debug|Any CPU
		{597C84D2-DD0C-4568-994A-D592635E5172}.Release|Any CPU.ActiveCfg = Release|Any CPU
		{597C84D2-DD0C-4568-994A-D592635E5172}.Release|Any CPU.Build.0 = Release|Any CPU
	EndGlobalSection
	GlobalSection(SolutionProperties) = preSolution
		HideSolutionNode = FALSE
	EndGlobalSection
	GlobalSection(ExtensibilityGlobals) = postSolution
		SolutionGuid = {4BBE91FA-58BB-46E7-A390-AEA3E1A96EE2}
	EndGlobalSection
EndGlobal
