
Microsoft Visual Studio Solution File, Format Version 12.00
# Visual Studio Version 16
VisualStudioVersion = 16.0.28922.388
MinimumVisualStudioVersion = 10.0.40219.1
Project("{FAE04EC0-301F-11D3-BF4B-00C04F79EFBC}") = "PrekiuSarasas", "PrekiuSarasas\PrekiuSarasas.csproj", "{5AA5FF84-AC02-4B49-832D-23AB25F2B506}"
EndProject
Project("{FAE04EC0-301F-11D3-BF4B-00C04F79EFBC}") = "Prekes", "Prekės\Prekes.csproj", "{7AA8072A-8C14-46A1-976B-D0D8192CDE0B}"
EndProject
Global
	GlobalSection(SolutionConfigurationPlatforms) = preSolution
		Debug|Any CPU = Debug|Any CPU
		Release|Any CPU = Release|Any CPU
	EndGlobalSection
	GlobalSection(ProjectConfigurationPlatforms) = postSolution
		{5AA5FF84-AC02-4B49-832D-23AB25F2B506}.Debug|Any CPU.ActiveCfg = Debug|Any CPU
		{5AA5FF84-AC02-4B49-832D-23AB25F2B506}.Debug|Any CPU.Build.0 = Debug|Any CPU
		{5AA5FF84-AC02-4B49-832D-23AB25F2B506}.Release|Any CPU.ActiveCfg = Release|Any CPU
		{5AA5FF84-AC02-4B49-832D-23AB25F2B506}.Release|Any CPU.Build.0 = Release|Any CPU
		{7AA8072A-8C14-46A1-976B-D0D8192CDE0B}.Debug|Any CPU.ActiveCfg = Debug|Any CPU
		{7AA8072A-8C14-46A1-976B-D0D8192CDE0B}.Debug|Any CPU.Build.0 = Debug|Any CPU
		{7AA8072A-8C14-46A1-976B-D0D8192CDE0B}.Release|Any CPU.ActiveCfg = Release|Any CPU
		{7AA8072A-8C14-46A1-976B-D0D8192CDE0B}.Release|Any CPU.Build.0 = Release|Any CPU
	EndGlobalSection
	GlobalSection(SolutionProperties) = preSolution
		HideSolutionNode = FALSE
	EndGlobalSection
	GlobalSection(ExtensibilityGlobals) = postSolution
		SolutionGuid = {3238A94B-B97B-4D12-9A40-82B8A79ED3C9}
	EndGlobalSection
EndGlobal
